// !$*UTF8*$!
{
	archiveVersion = 1;
	classes = {
	};
	objectVersion = 56;
	objects = {

/* Begin PBXBuildFile section */
		B7236A5D2AB88F8C00B62C64 /* CachedFriends+CoreDataProperties.swift in Sources */ = {isa = PBXBuildFile; fileRef = B7236A5B2AB88F8C00B62C64 /* CachedFriends+CoreDataProperties.swift */; };
		B7236A5E2AB88F8C00B62C64 /* CachedUser+CoreDataProperties.swift in Sources */ = {isa = PBXBuildFile; fileRef = B7236A5C2AB88F8C00B62C64 /* CachedUser+CoreDataProperties.swift */; };
		B726B2FD2AA8F35400793C4A /* UserInfoApp.swift in Sources */ = {isa = PBXBuildFile; fileRef = B726B2FC2AA8F35400793C4A /* UserInfoApp.swift */; };
		B726B2FF2AA8F35400793C4A /* ContentView.swift in Sources */ = {isa = PBXBuildFile; fileRef = B726B2FE2AA8F35400793C4A /* ContentView.swift */; };
		B726B3012AA8F35400793C4A /* Assets.xcassets in Resources */ = {isa = PBXBuildFile; fileRef = B726B3002AA8F35400793C4A /* Assets.xcassets */; };
		B726B3042AA8F35400793C4A /* Preview Assets.xcassets in Resources */ = {isa = PBXBuildFile; fileRef = B726B3032AA8F35400793C4A /* Preview Assets.xcassets */; };
		B78CC1B22AB3562200CE46E1 /* UserInfo.xcdatamodeld in Sources */ = {isa = PBXBuildFile; fileRef = B78CC1B02AB3562200CE46E1 /* UserInfo.xcdatamodeld */; };
		B78CC1B42AB357C400CE46E1 /* DataController.swift in Sources */ = {isa = PBXBuildFile; fileRef = B78CC1B32AB357C400CE46E1 /* DataController.swift */; };
		B7E773042AB203C700B4684C /* User.swift in Sources */ = {isa = PBXBuildFile; fileRef = B7E773032AB203C700B4684C /* User.swift */; };
		B7E773062AB20D3500B4684C /* Users.swift in Sources */ = {isa = PBXBuildFile; fileRef = B7E773052AB20D3500B4684C /* Users.swift */; };
		B7E773082AB2345900B4684C /* UserDetailsView.swift in Sources */ = {isa = PBXBuildFile; fileRef = B7E773072AB2345900B4684C /* UserDetailsView.swift */; };
/* End PBXBuildFile section */

/* Begin PBXFileReference section */
		B7236A5B2AB88F8C00B62C64 /* CachedFriends+CoreDataProperties.swift */ = {isa = PBXFileReference; lastKnownFileType = sourcecode.swift; path = "CachedFriends+CoreDataProperties.swift"; sourceTree = SOURCE_ROOT; };
		B7236A5C2AB88F8C00B62C64 /* CachedUser+CoreDataProperties.swift */ = {isa = PBXFileReference; lastKnownFileType = sourcecode.swift; path = "CachedUser+CoreDataProperties.swift"; sourceTree = SOURCE_ROOT; };
		B726B2F92AA8F35400793C4A /* UserInfo.app */ = {isa = PBXFileReference; explicitFileType = wrapper.application; includeInIndex = 0; path = UserInfo.app; sourceTree = BUILT_PRODUCTS_DIR; };
		B726B2FC2AA8F35400793C4A /* UserInfoApp.swift */ = {isa = PBXFileReference; lastKnownFileType = sourcecode.swift; path = UserInfoApp.swift; sourceTree = "<group>"; };
		B726B2FE2AA8F35400793C4A /* ContentView.swift */ = {isa = PBXFileReference; lastKnownFileType = sourcecode.swift; path = ContentView.swift; sourceTree = "<group>"; };
		B726B3002AA8F35400793C4A /* Assets.xcassets */ = {isa = PBXFileReference; lastKnownFileType = folder.assetcatalog; path = Assets.xcassets; sourceTree = "<group>"; };
		B726B3032AA8F35400793C4A /* Preview Assets.xcassets */ = {isa = PBXFileReference; lastKnownFileType = folder.assetcatalog; path = "Preview Assets.xcassets"; sourceTree = "<group>"; };
		B78CC1B12AB3562200CE46E1 /* UserInfo.xcdatamodel */ = {isa = PBXFileReference; lastKnownFileType = wrapper.xcdatamodel; path = UserInfo.xcdatamodel; sourceTree = "<group>"; };
		B78CC1B32AB357C400CE46E1 /* DataController.swift */ = {isa = PBXFileReference; lastKnownFileType = sourcecode.swift; path = DataController.swift; sourceTree = "<group>"; };
		B7E773032AB203C700B4684C /* User.swift */ = {isa = PBXFileReference; lastKnownFileType = sourcecode.swift; path = User.swift; sourceTree = "<group>"; };
		B7E773052AB20D3500B4684C /* Users.swift */ = {isa = PBXFileReference; lastKnownFileType = sourcecode.swift; path = Users.swift; sourceTree = "<group>"; };
		B7E773072AB2345900B4684C /* UserDetailsView.swift */ = {isa = PBXFileReference; lastKnownFileType = sourcecode.swift; path = UserDetailsView.swift; sourceTree = "<group>"; };
/* End PBXFileReference section */

/* Begin PBXFrameworksBuildPhase section */
		B726B2F62AA8F35400793C4A /* Frameworks */ = {
			isa = PBXFrameworksBuildPhase;
			buildActionMask = 2147483647;
			files = (
			);
			runOnlyForDeploymentPostprocessing = 0;
		};
/* End PBXFrameworksBuildPhase section */

/* Begin PBXGroup section */
		B726B2F02AA8F35400793C4A = {
			isa = PBXGroup;
			children = (
				B726B2FB2AA8F35400793C4A /* UserInfo */,
				B726B2FA2AA8F35400793C4A /* Products */,
			);
			sourceTree = "<group>";
		};
		B726B2FA2AA8F35400793C4A /* Products */ = {
			isa = PBXGroup;
			children = (
				B726B2F92AA8F35400793C4A /* UserInfo.app */,
			);
			name = Products;
			sourceTree = "<group>";
		};
		B726B2FB2AA8F35400793C4A /* UserInfo */ = {
			isa = PBXGroup;
			children = (
				B7236A5B2AB88F8C00B62C64 /* CachedFriends+CoreDataProperties.swift */,
				B7236A5C2AB88F8C00B62C64 /* CachedUser+CoreDataProperties.swift */,
				B726B2FC2AA8F35400793C4A /* UserInfoApp.swift */,
				B78CC1B02AB3562200CE46E1 /* UserInfo.xcdatamodeld */,
				B78CC1B32AB357C400CE46E1 /* DataController.swift */,
				B726B2FE2AA8F35400793C4A /* ContentView.swift */,
				B7E773072AB2345900B4684C /* UserDetailsView.swift */,
				B7E773032AB203C700B4684C /* User.swift */,
				B7E773052AB20D3500B4684C /* Users.swift */,
				B726B3002AA8F35400793C4A /* Assets.xcassets */,
				B726B3022AA8F35400793C4A /* Preview Content */,
			);
			path = UserInfo;
			sourceTree = "<group>";
		};
		B726B3022AA8F35400793C4A /* Preview Content */ = {
			isa = PBXGroup;
			children = (
				B726B3032AA8F35400793C4A /* Preview Assets.xcassets */,
			);
			path = "Preview Content";
			sourceTree = "<group>";
		};
/* End PBXGroup section */

/* Begin PBXNativeTarget section */
		B726B2F82AA8F35400793C4A /* UserInfo */ = {
			isa = PBXNativeTarget;
			buildConfigurationList = B726B3072AA8F35400793C4A /* Build configuration list for PBXNativeTarget "UserInfo" */;
			buildPhases = (
				B726B2F52AA8F35400793C4A /* Sources */,
				B726B2F62AA8F35400793C4A /* Frameworks */,
				B726B2F72AA8F35400793C4A /* Resources */,
			);
			buildRules = (
			);
			dependencies = (
			);
			name = UserInfo;
			productName = UserInfo;
			productReference = B726B2F92AA8F35400793C4A /* UserInfo.app */;
			productType = "com.apple.product-type.application";
		};
/* End PBXNativeTarget section */

/* Begin PBXProject section */
		B726B2F12AA8F35400793C4A /* Project object */ = {
			isa = PBXProject;
			attributes = {
				BuildIndependentTargetsInParallel = 1;
				LastSwiftUpdateCheck = 1430;
				LastUpgradeCheck = 1430;
				TargetAttributes = {
					B726B2F82AA8F35400793C4A = {
						CreatedOnToolsVersion = 14.3.1;
					};
				};
			};
			buildConfigurationList = B726B2F42AA8F35400793C4A /* Build configuration list for PBXProject "UserInfo" */;
			compatibilityVersion = "Xcode 14.0";
			developmentRegion = en;
			hasScannedForEncodings = 0;
			knownRegions = (
				en,
				Base,
			);
			mainGroup = B726B2F02AA8F35400793C4A;
			productRefGroup = B726B2FA2AA8F35400793C4A /* Products */;
			projectDirPath = "";
			projectRoot = "";
			targets = (
				B726B2F82AA8F35400793C4A /* UserInfo */,
			);
		};
/* End PBXProject section */

/* Begin PBXResourcesBuildPhase section */
		B726B2F72AA8F35400793C4A /* Resources */ = {
			isa = PBXResourcesBuildPhase;
			buildActionMask = 2147483647;
			files = (
				B726B3042AA8F35400793C4A /* Preview Assets.xcassets in Resources */,
				B726B3012AA8F35400793C4A /* Assets.xcassets in Resources */,
			);
			runOnlyForDeploymentPostprocessing = 0;
		};
/* End PBXResourcesBuildPhase section */

/* Begin PBXSourcesBuildPhase section */
		B726B2F52AA8F35400793C4A /* Sources */ = {
			isa = PBXSourcesBuildPhase;
			buildActionMask = 2147483647;
			files = (
				B78CC1B42AB357C400CE46E1 /* DataController.swift in Sources */,
				B7E773062AB20D3500B4684C /* Users.swift in Sources */,
				B726B2FF2AA8F35400793C4A /* ContentView.swift in Sources */,
				B726B2FD2AA8F35400793C4A /* UserInfoApp.swift in Sources */,
				B7E773042AB203C700B4684C /* User.swift in Sources */,
				B78CC1B22AB3562200CE46E1 /* UserInfo.xcdatamodeld in Sources */,
				B7E773082AB2345900B4684C /* UserDetailsView.swift in Sources */,
				B7236A5E2AB88F8C00B62C64 /* CachedUser+CoreDataProperties.swift in Sources */,
				B7236A5D2AB88F8C00B62C64 /* CachedFriends+CoreDataProperties.swift in Sources */,
			);
			runOnlyForDeploymentPostprocessing = 0;
		};
/* End PBXSourcesBuildPhase section */

/* Begin XCBuildConfiguration section */
		B726B3052AA8F35400793C4A /* Debug */ = {
			isa = XCBuildConfiguration;
			buildSettings = {
				ALWAYS_SEARCH_USER_PATHS = NO;
				CLANG_ANALYZER_NONNULL = YES;
				CLANG_ANALYZER_NUMBER_OBJECT_CONVERSION = YES_AGGRESSIVE;
				CLANG_CXX_LANGUAGE_STANDARD = "gnu++20";
				CLANG_ENABLE_MODULES = YES;
				CLANG_ENABLE_OBJC_ARC = YES;
				CLANG_ENABLE_OBJC_WEAK = YES;
				CLANG_WARN_BLOCK_CAPTURE_AUTORELEASING = YES;
				CLANG_WARN_BOOL_CONVERSION = YES;
				CLANG_WARN_COMMA = YES;
				CLANG_WARN_CONSTANT_CONVERSION = YES;
				CLANG_WARN_DEPRECATED_OBJC_IMPLEMENTATIONS = YES;
				CLANG_WARN_DIRECT_OBJC_ISA_USAGE = YES_ERROR;
				CLANG_WARN_DOCUMENTATION_COMMENTS = YES;
				CLANG_WARN_EMPTY_BODY = YES;
				CLANG_WARN_ENUM_CONVERSION = YES;
				CLANG_WARN_INFINITE_RECURSION = YES;
				CLANG_WARN_INT_CONVERSION = YES;
				CLANG_WARN_NON_LITERAL_NULL_CONVERSION = YES;
				CLANG_WARN_OBJC_IMPLICIT_RETAIN_SELF = YES;
				CLANG_WARN_OBJC_LITERAL_CONVERSION = YES;
				CLANG_WARN_OBJC_ROOT_CLASS = YES_ERROR;
				CLANG_WARN_QUOTED_INCLUDE_IN_FRAMEWORK_HEADER = YES;
				CLANG_WARN_RANGE_LOOP_ANALYSIS = YES;
				CLANG_WARN_STRICT_PROTOTYPES = YES;
				CLANG_WARN_SUSPICIOUS_MOVE = YES;
				CLANG_WARN_UNGUARDED_AVAILABILITY = YES_AGGRESSIVE;
				CLANG_WARN_UNREACHABLE_CODE = YES;
				CLANG_WARN__DUPLICATE_METHOD_MATCH = YES;
				COPY_PHASE_STRIP = NO;
				DEBUG_INFORMATION_FORMAT = dwarf;
				ENABLE_STRICT_OBJC_MSGSEND = YES;
				ENABLE_TESTABILITY = YES;
				GCC_C_LANGUAGE_STANDARD = gnu11;
				GCC_DYNAMIC_NO_PIC = NO;
				GCC_NO_COMMON_BLOCKS = YES;
				GCC_OPTIMIZATION_LEVEL = 0;
				GCC_PREPROCESSOR_DEFINITIONS = (
					"DEBUG=1",
					"$(inherited)",
				);
				GCC_WARN_64_TO_32_BIT_CONVERSION = YES;
				GCC_WARN_ABOUT_RETURN_TYPE = YES_ERROR;
				GCC_WARN_UNDECLARED_SELECTOR = YES;
				GCC_WARN_UNINITIALIZED_AUTOS = YES_AGGRESSIVE;
				GCC_WARN_UNUSED_FUNCTION = YES;
				GCC_WARN_UNUSED_VARIABLE = YES;
				IPHONEOS_DEPLOYMENT_TARGET = 16.4;
				MTL_ENABLE_DEBUG_INFO = INCLUDE_SOURCE;
				MTL_FAST_MATH = YES;
				ONLY_ACTIVE_ARCH = YES;
				SDKROOT = iphoneos;
				SWIFT_ACTIVE_COMPILATION_CONDITIONS = DEBUG;
				SWIFT_OPTIMIZATION_LEVEL = "-Onone";
			};
			name = Debug;
		};
		B726B3062AA8F35400793C4A /* Release */ = {
			isa = XCBuildConfiguration;
			buildSettings = {
				ALWAYS_SEARCH_USER_PATHS = NO;
				CLANG_ANALYZER_NONNULL = YES;
				CLANG_ANALYZER_NUMBER_OBJECT_CONVERSION = YES_AGGRESSIVE;
				CLANG_CXX_LANGUAGE_STANDARD = "gnu++20";
				CLANG_ENABLE_MODULES = YES;
				CLANG_ENABLE_OBJC_ARC = YES;
				CLANG_ENABLE_OBJC_WEAK = YES;
				CLANG_WARN_BLOCK_CAPTURE_AUTORELEASING = YES;
				CLANG_WARN_BOOL_CONVERSION = YES;
				CLANG_WARN_COMMA = YES;
				CLANG_WARN_CONSTANT_CONVERSION = YES;
				CLANG_WARN_DEPRECATED_OBJC_IMPLEMENTATIONS = YES;
				CLANG_WARN_DIRECT_OBJC_ISA_USAGE = YES_ERROR;
				CLANG_WARN_DOCUMENTATION_COMMENTS = YES;
				CLANG_WARN_EMPTY_BODY = YES;
				CLANG_WARN_ENUM_CONVERSION = YES;
				CLANG_WARN_INFINITE_RECURSION = YES;
				CLANG_WARN_INT_CONVERSION = YES;
				CLANG_WARN_NON_LITERAL_NULL_CONVERSION = YES;
				CLANG_WARN_OBJC_IMPLICIT_RETAIN_SELF = YES;
				CLANG_WARN_OBJC_LITERAL_CONVERSION = YES;
				CLANG_WARN_OBJC_ROOT_CLASS = YES_ERROR;
				CLANG_WARN_QUOTED_INCLUDE_IN_FRAMEWORK_HEADER = YES;
				CLANG_WARN_RANGE_LOOP_ANALYSIS = YES;
				CLANG_WARN_STRICT_PROTOTYPES = YES;
				CLANG_WARN_SUSPICIOUS_MOVE = YES;
				CLANG_WARN_UNGUARDED_AVAILABILITY = YES_AGGRESSIVE;
				CLANG_WARN_UNREACHABLE_CODE = YES;
				CLANG_WARN__DUPLICATE_METHOD_MATCH = YES;
				COPY_PHASE_STRIP = NO;
				DEBUG_INFORMATION_FORMAT = "dwarf-with-dsym";
				ENABLE_NS_ASSERTIONS = NO;
				ENABLE_STRICT_OBJC_MSGSEND = YES;
				GCC_C_LANGUAGE_STANDARD = gnu11;
				GCC_NO_COMMON_BLOCKS = YES;
				GCC_WARN_64_TO_32_BIT_CONVERSION = YES;
				GCC_WARN_ABOUT_RETURN_TYPE = YES_ERROR;
				GCC_WARN_UNDECLARED_SELECTOR = YES;
				GCC_WARN_UNINITIALIZED_AUTOS = YES_AGGRESSIVE;
				GCC_WARN_UNUSED_FUNCTION = YES;
				GCC_WARN_UNUSED_VARIABLE = YES;
				IPHONEOS_DEPLOYMENT_TARGET = 16.4;
				MTL_ENABLE_DEBUG_INFO = NO;
				MTL_FAST_MATH = YES;
				SDKROOT = iphoneos;
				SWIFT_COMPILATION_MODE = wholemodule;
				SWIFT_OPTIMIZATION_LEVEL = "-O";
				VALIDATE_PRODUCT = YES;
			};
			name = Release;
		};
		B726B3082AA8F35400793C4A /* Debug */ = {
			isa = XCBuildConfiguration;
			buildSettings = {
				ASSETCATALOG_COMPILER_APPICON_NAME = AppIcon;
				ASSETCATALOG_COMPILER_GLOBAL_ACCENT_COLOR_NAME = AccentColor;
				CODE_SIGN_STYLE = Automatic;
				CURRENT_PROJECT_VERSION = 1;
				DEVELOPMENT_ASSET_PATHS = "\"UserInfo/Preview Content\"";
				ENABLE_PREVIEWS = YES;
				GENERATE_INFOPLIST_FILE = YES;
				INFOPLIST_KEY_UIApplicationSceneManifest_Generation = YES;
				INFOPLIST_KEY_UIApplicationSupportsIndirectInputEvents = YES;
				INFOPLIST_KEY_UILaunchScreen_Generation = YES;
				INFOPLIST_KEY_UISupportedInterfaceOrientations_iPad = "UIInterfaceOrientationPortrait UIInterfaceOrientationPortraitUpsideDown UIInterfaceOrientationLandscapeLeft UIInterfaceOrientationLandscapeRight";
				INFOPLIST_KEY_UISupportedInterfaceOrientations_iPhone = "UIInterfaceOrientationPortrait UIInterfaceOrientationLandscapeLeft UIInterfaceOrientationLandscapeRight";
				IPHONEOS_DEPLOYMENT_TARGET = 15.0;
				LD_RUNPATH_SEARCH_PATHS = (
					"$(inherited)",
					"@executable_path/Frameworks",
				);
				MARKETING_VERSION = 1.0;
				PRODUCT_BUNDLE_IDENTIFIER = me.natashasosar.UserInfo;
				PRODUCT_NAME = "$(TARGET_NAME)";
				SWIFT_EMIT_LOC_STRINGS = YES;
				SWIFT_VERSION = 5.0;
				TARGETED_DEVICE_FAMILY = "1,2";
			};
			name = Debug;
		};
		B726B3092AA8F35400793C4A /* Release */ = {
			isa = XCBuildConfiguration;
			buildSettings = {
				ASSETCATALOG_COMPILER_APPICON_NAME = AppIcon;
				ASSETCATALOG_COMPILER_GLOBAL_ACCENT_COLOR_NAME = AccentColor;
				CODE_SIGN_STYLE = Automatic;
				CURRENT_PROJECT_VERSION = 1;
				DEVELOPMENT_ASSET_PATHS = "\"UserInfo/Preview Content\"";
				ENABLE_PREVIEWS = YES;
				GENERATE_INFOPLIST_FILE = YES;
				INFOPLIST_KEY_UIApplicationSceneManifest_Generation = YES;
				INFOPLIST_KEY_UIApplicationSupportsIndirectInputEvents = YES;
				INFOPLIST_KEY_UILaunchScreen_Generation = YES;
				INFOPLIST_KEY_UISupportedInterfaceOrientations_iPad = "UIInterfaceOrientationPortrait UIInterfaceOrientationPortraitUpsideDown UIInterfaceOrientationLandscapeLeft UIInterfaceOrientationLandscapeRight";
				INFOPLIST_KEY_UISupportedInterfaceOrientations_iPhone = "UIInterfaceOrientationPortrait UIInterfaceOrientationLandscapeLeft UIInterfaceOrientationLandscapeRight";
				IPHONEOS_DEPLOYMENT_TARGET = 15.0;
				LD_RUNPATH_SEARCH_PATHS = (
					"$(inherited)",
					"@executable_path/Frameworks",
				);
				MARKETING_VERSION = 1.0;
				PRODUCT_BUNDLE_IDENTIFIER = me.natashasosar.UserInfo;
				PRODUCT_NAME = "$(TARGET_NAME)";
				SWIFT_EMIT_LOC_STRINGS = YES;
				SWIFT_VERSION = 5.0;
				TARGETED_DEVICE_FAMILY = "1,2";
			};
			name = Release;
		};
/* End XCBuildConfiguration section */

/* Begin XCConfigurationList section */
		B726B2F42AA8F35400793C4A /* Build configuration list for PBXProject "UserInfo" */ = {
			isa = XCConfigurationList;
			buildConfigurations = (
				B726B3052AA8F35400793C4A /* Debug */,
				B726B3062AA8F35400793C4A /* Release */,
			);
			defaultConfigurationIsVisible = 0;
			defaultConfigurationName = Release;
		};
		B726B3072AA8F35400793C4A /* Build configuration list for PBXNativeTarget "UserInfo" */ = {
			isa = XCConfigurationList;
			buildConfigurations = (
				B726B3082AA8F35400793C4A /* Debug */,
				B726B3092AA8F35400793C4A /* Release */,
			);
			defaultConfigurationIsVisible = 0;
			defaultConfigurationName = Release;
		};
/* End XCConfigurationList section */

/* Begin XCVersionGroup section */
		B78CC1B02AB3562200CE46E1 /* UserInfo.xcdatamodeld */ = {
			isa = XCVersionGroup;
			children = (
				B78CC1B12AB3562200CE46E1 /* UserInfo.xcdatamodel */,
			);
			currentVersion = B78CC1B12AB3562200CE46E1 /* UserInfo.xcdatamodel */;
			path = UserInfo.xcdatamodeld;
			sourceTree = "<group>";
			versionGroupType = wrapper.xcdatamodel;
		};
/* End XCVersionGroup section */
	};
	rootObject = B726B2F12AA8F35400793C4A /* Project object */;
}
